// !$*UTF8*$!
{
	archiveVersion = 1;
	classes = {
	};
	objectVersion = 48;
	objects = {

/* Begin PBXBuildFile section */
		CEF12E101F4F02DA0054B28A /* AppDelegate.swift in Sources */ = {isa = PBXBuildFile; fileRef = CEF12E0F1F4F02DA0054B28A /* AppDelegate.swift */; };
		CEF12E121F4F02DA0054B28A /* FirstViewController.swift in Sources */ = {isa = PBXBuildFile; fileRef = CEF12E111F4F02DA0054B28A /* FirstViewController.swift */; };
		CEF12E141F4F02DA0054B28A /* SecondViewController.swift in Sources */ = {isa = PBXBuildFile; fileRef = CEF12E131F4F02DA0054B28A /* SecondViewController.swift */; };
		CEF12E171F4F02DA0054B28A /* Main.storyboard in Resources */ = {isa = PBXBuildFile; fileRef = CEF12E151F4F02DA0054B28A /* Main.storyboard */; };
		CEF12E191F4F02DA0054B28A /* Assets.xcassets in Resources */ = {isa = PBXBuildFile; fileRef = CEF12E181F4F02DA0054B28A /* Assets.xcassets */; };
		CEF12E1C1F4F02DA0054B28A /* LaunchScreen.storyboard in Resources */ = {isa = PBXBuildFile; fileRef = CEF12E1A1F4F02DA0054B28A /* LaunchScreen.storyboard */; };
		CEF12E271F4F02DA0054B28A /* I_DoTests.swift in Sources */ = {isa = PBXBuildFile; fileRef = CEF12E261F4F02DA0054B28A /* I_DoTests.swift */; };
/* End PBXBuildFile section */

/* Begin PBXContainerItemProxy section */
		CEF12E231F4F02DA0054B28A /* PBXContainerItemProxy */ = {
			isa = PBXContainerItemProxy;
			containerPortal = CEF12E041F4F02DA0054B28A /* Project object */;
			proxyType = 1;
			remoteGlobalIDString = CEF12E0B1F4F02DA0054B28A;
			remoteInfo = "I Do";
		};
/* End PBXContainerItemProxy section */

/* Begin PBXFileReference section */
		CEF12E0C1F4F02DA0054B28A /* I Do.app */ = {isa = PBXFileReference; explicitFileType = wrapper.application; includeInIndex = 0; path = "I Do.app"; sourceTree = BUILT_PRODUCTS_DIR; };
		CEF12E0F1F4F02DA0054B28A /* AppDelegate.swift */ = {isa = PBXFileReference; lastKnownFileType = sourcecode.swift; path = AppDelegate.swift; sourceTree = "<group>"; };
		CEF12E111F4F02DA0054B28A /* FirstViewController.swift */ = {isa = PBXFileReference; lastKnownFileType = sourcecode.swift; path = FirstViewController.swift; sourceTree = "<group>"; };
		CEF12E131F4F02DA0054B28A /* SecondViewController.swift */ = {isa = PBXFileReference; lastKnownFileType = sourcecode.swift; path = SecondViewController.swift; sourceTree = "<group>"; };
		CEF12E161F4F02DA0054B28A /* Base */ = {isa = PBXFileReference; lastKnownFileType = file.storyboard; name = Base; path = Base.lproj/Main.storyboard; sourceTree = "<group>"; };
		CEF12E181F4F02DA0054B28A /* Assets.xcassets */ = {isa = PBXFileReference; lastKnownFileType = folder.assetcatalog; path = Assets.xcassets; sourceTree = "<group>"; };
		CEF12E1B1F4F02DA0054B28A /* Base */ = {isa = PBXFileReference; lastKnownFileType = file.storyboard; name = Base; path = Base.lproj/LaunchScreen.storyboard; sourceTree = "<group>"; };
		CEF12E1D1F4F02DA0054B28A /* Info.plist */ = {isa = PBXFileReference; lastKnownFileType = text.plist.xml; path = Info.plist; sourceTree = "<group>"; };
		CEF12E221F4F02DA0054B28A /* I DoTests.xctest */ = {isa = PBXFileReference; explicitFileType = wrapper.cfbundle; includeInIndex = 0; path = "I DoTests.xctest"; sourceTree = BUILT_PRODUCTS_DIR; };
		CEF12E261F4F02DA0054B28A /* I_DoTests.swift */ = {isa = PBXFileReference; lastKnownFileType = sourcecode.swift; path = I_DoTests.swift; sourceTree = "<group>"; };
		CEF12E281F4F02DA0054B28A /* Info.plist */ = {isa = PBXFileReference; lastKnownFileType = text.plist.xml; path = Info.plist; sourceTree = "<group>"; };
/* End PBXFileReference section */

/* Begin PBXFrameworksBuildPhase section */
		CEF12E091F4F02DA0054B28A /* Frameworks */ = {
			isa = PBXFrameworksBuildPhase;
			buildActionMask = 2147483647;
			files = (
			);
			runOnlyForDeploymentPostprocessing = 0;
		};
		CEF12E1F1F4F02DA0054B28A /* Frameworks */ = {
			isa = PBXFrameworksBuildPhase;
			buildActionMask = 2147483647;
			files = (
			);
			runOnlyForDeploymentPostprocessing = 0;
		};
/* End PBXFrameworksBuildPhase section */

/* Begin PBXGroup section */
		CEF12E031F4F02DA0054B28A = {
			isa = PBXGroup;
			children = (
				CEF12E0E1F4F02DA0054B28A /* I Do */,
				CEF12E251F4F02DA0054B28A /* I DoTests */,
				CEF12E0D1F4F02DA0054B28A /* Products */,
			);
			sourceTree = "<group>";
		};
		CEF12E0D1F4F02DA0054B28A /* Products */ = {
			isa = PBXGroup;
			children = (
				CEF12E0C1F4F02DA0054B28A /* I Do.app */,
				CEF12E221F4F02DA0054B28A /* I DoTests.xctest */,
			);
			name = Products;
			sourceTree = "<group>";
		};
		CEF12E0E1F4F02DA0054B28A /* I Do */ = {
			isa = PBXGroup;
			children = (
				CEF12E0F1F4F02DA0054B28A /* AppDelegate.swift */,
				CEF12E111F4F02DA0054B28A /* FirstViewController.swift */,
				CEF12E131F4F02DA0054B28A /* SecondViewController.swift */,
				CEF12E151F4F02DA0054B28A /* Main.storyboard */,
				CEF12E181F4F02DA0054B28A /* Assets.xcassets */,
				CEF12E1A1F4F02DA0054B28A /* LaunchScreen.storyboard */,
				CEF12E1D1F4F02DA0054B28A /* Info.plist */,
			);
			path = "I Do";
			sourceTree = "<group>";
		};
		CEF12E251F4F02DA0054B28A /* I DoTests */ = {
			isa = PBXGroup;
			children = (
				CEF12E261F4F02DA0054B28A /* I_DoTests.swift */,
				CEF12E281F4F02DA0054B28A /* Info.plist */,
			);
			path = "I DoTests";
			sourceTree = "<group>";
		};
/* End PBXGroup section */

/* Begin PBXNativeTarget section */
		CEF12E0B1F4F02DA0054B28A /* I Do */ = {
			isa = PBXNativeTarget;
			buildConfigurationList = CEF12E2B1F4F02DA0054B28A /* Build configuration list for PBXNativeTarget "I Do" */;
			buildPhases = (
				CEF12E081F4F02DA0054B28A /* Sources */,
				CEF12E091F4F02DA0054B28A /* Frameworks */,
				CEF12E0A1F4F02DA0054B28A /* Resources */,
			);
			buildRules = (
			);
			dependencies = (
			);
			name = "I Do";
			productName = "I Do";
			productReference = CEF12E0C1F4F02DA0054B28A /* I Do.app */;
			productType = "com.apple.product-type.application";
		};
		CEF12E211F4F02DA0054B28A /* I DoTests */ = {
			isa = PBXNativeTarget;
			buildConfigurationList = CEF12E2E1F4F02DA0054B28A /* Build configuration list for PBXNativeTarget "I DoTests" */;
			buildPhases = (
				CEF12E1E1F4F02DA0054B28A /* Sources */,
				CEF12E1F1F4F02DA0054B28A /* Frameworks */,
				CEF12E201F4F02DA0054B28A /* Resources */,
			);
			buildRules = (
			);
			dependencies = (
				CEF12E241F4F02DA0054B28A /* PBXTargetDependency */,
			);
			name = "I DoTests";
			productName = "I DoTests";
			productReference = CEF12E221F4F02DA0054B28A /* I DoTests.xctest */;
			productType = "com.apple.product-type.bundle.unit-test";
		};
/* End PBXNativeTarget section */

/* Begin PBXProject section */
		CEF12E041F4F02DA0054B28A /* Project object */ = {
			isa = PBXProject;
			attributes = {
				LastSwiftUpdateCheck = 0900;
				LastUpgradeCheck = 0900;
				ORGANIZATIONNAME = "Tytus Planck";
				TargetAttributes = {
					CEF12E0B1F4F02DA0054B28A = {
						CreatedOnToolsVersion = 9.0;
					};
					CEF12E211F4F02DA0054B28A = {
						CreatedOnToolsVersion = 9.0;
						TestTargetID = CEF12E0B1F4F02DA0054B28A;
					};
				};
			};
			buildConfigurationList = CEF12E071F4F02DA0054B28A /* Build configuration list for PBXProject "I Do" */;
			compatibilityVersion = "Xcode 8.0";
			developmentRegion = en;
			hasScannedForEncodings = 0;
			knownRegions = (
				en,
				Base,
			);
			mainGroup = CEF12E031F4F02DA0054B28A;
			productRefGroup = CEF12E0D1F4F02DA0054B28A /* Products */;
			projectDirPath = "";
			projectRoot = "";
			targets = (
				CEF12E0B1F4F02DA0054B28A /* I Do */,
				CEF12E211F4F02DA0054B28A /* I DoTests */,
			);
		};
/* End PBXProject section */

/* Begin PBXResourcesBuildPhase section */
		CEF12E0A1F4F02DA0054B28A /* Resources */ = {
			isa = PBXResourcesBuildPhase;
			buildActionMask = 2147483647;
			files = (
				CEF12E1C1F4F02DA0054B28A /* LaunchScreen.storyboard in Resources */,
				CEF12E191F4F02DA0054B28A /* Assets.xcassets in Resources */,
				CEF12E171F4F02DA0054B28A /* Main.storyboard in Resources */,
			);
			runOnlyForDeploymentPostprocessing = 0;
		};
		CEF12E201F4F02DA0054B28A /* Resources */ = {
			isa = PBXResourcesBuildPhase;
			buildActionMask = 2147483647;
			files = (
			);
			runOnlyForDeploymentPostprocessing = 0;
		};
/* End PBXResourcesBuildPhase section */

/* Begin PBXSourcesBuildPhase section */
		CEF12E081F4F02DA0054B28A /* Sources */ = {
			isa = PBXSourcesBuildPhase;
			buildActionMask = 2147483647;
			files = (
				CEF12E141F4F02DA0054B28A /* SecondViewController.swift in Sources */,
				CEF12E101F4F02DA0054B28A /* AppDelegate.swift in Sources */,
				CEF12E121F4F02DA0054B28A /* FirstViewController.swift in Sources */,
			);
			runOnlyForDeploymentPostprocessing = 0;
		};
		CEF12E1E1F4F02DA0054B28A /* Sources */ = {
			isa = PBXSourcesBuildPhase;
			buildActionMask = 2147483647;
			files = (
				CEF12E271F4F02DA0054B28A /* I_DoTests.swift in Sources */,
			);
			runOnlyForDeploymentPostprocessing = 0;
		};
/* End PBXSourcesBuildPhase section */

/* Begin PBXTargetDependency section */
		CEF12E241F4F02DA0054B28A /* PBXTargetDependency */ = {
			isa = PBXTargetDependency;
			target = CEF12E0B1F4F02DA0054B28A /* I Do */;
			targetProxy = CEF12E231F4F02DA0054B28A /* PBXContainerItemProxy */;
		};
/* End PBXTargetDependency section */

/* Begin PBXVariantGroup section */
		CEF12E151F4F02DA0054B28A /* Main.storyboard */ = {
			isa = PBXVariantGroup;
			children = (
				CEF12E161F4F02DA0054B28A /* Base */,
			);
			name = Main.storyboard;
			sourceTree = "<group>";
		};
		CEF12E1A1F4F02DA0054B28A /* LaunchScreen.storyboard */ = {
			isa = PBXVariantGroup;
			children = (
				CEF12E1B1F4F02DA0054B28A /* Base */,
			);
			name = LaunchScreen.storyboard;
			sourceTree = "<group>";
		};
/* End PBXVariantGroup section */

/* Begin XCBuildConfiguration section */
		CEF12E291F4F02DA0054B28A /* Debug */ = {
			isa = XCBuildConfiguration;
			buildSettings = {
				ALWAYS_SEARCH_USER_PATHS = NO;
				CLANG_ANALYZER_NONNULL = YES;
				CLANG_ANALYZER_NUMBER_OBJECT_CONVERSION = YES_AGGRESSIVE;
				CLANG_CXX_LANGUAGE_STANDARD = "gnu++14";
				CLANG_CXX_LIBRARY = "libc++";
				CLANG_ENABLE_MODULES = YES;
				CLANG_ENABLE_OBJC_ARC = YES;
				CLANG_WARN_BLOCK_CAPTURE_AUTORELEASING = YES;
				CLANG_WARN_BOOL_CONVERSION = YES;
				CLANG_WARN_COMMA = YES;
				CLANG_WARN_CONSTANT_CONVERSION = YES;
				CLANG_WARN_DIRECT_OBJC_ISA_USAGE = YES_ERROR;
				CLANG_WARN_DOCUMENTATION_COMMENTS = YES;
				CLANG_WARN_EMPTY_BODY = YES;
				CLANG_WARN_ENUM_CONVERSION = YES;
				CLANG_WARN_INFINITE_RECURSION = YES;
				CLANG_WARN_INT_CONVERSION = YES;
				CLANG_WARN_NON_LITERAL_NULL_CONVERSION = YES;
				CLANG_WARN_OBJC_LITERAL_CONVERSION = YES;
				CLANG_WARN_OBJC_ROOT_CLASS = YES_ERROR;
				CLANG_WARN_RANGE_LOOP_ANALYSIS = YES;
				CLANG_WARN_STRICT_PROTOTYPES = YES;
				CLANG_WARN_SUSPICIOUS_MOVE = YES;
				CLANG_WARN_UNGUARDED_AVAILABILITY = YES_AGGRESSIVE;
				CLANG_WARN_UNREACHABLE_CODE = YES;
				CLANG_WARN__DUPLICATE_METHOD_MATCH = YES;
				CODE_SIGN_IDENTITY = "iPhone Developer";
				COPY_PHASE_STRIP = NO;
				DEBUG_INFORMATION_FORMAT = dwarf;
				ENABLE_STRICT_OBJC_MSGSEND = YES;
				ENABLE_TESTABILITY = YES;
				GCC_C_LANGUAGE_STANDARD = gnu11;
				GCC_DYNAMIC_NO_PIC = NO;
				GCC_NO_COMMON_BLOCKS = YES;
				GCC_OPTIMIZATION_LEVEL = 0;
				GCC_PREPROCESSOR_DEFINITIONS = (
					"DEBUG=1",
					"$(inherited)",
				);
				GCC_WARN_64_TO_32_BIT_CONVERSION = YES;
				GCC_WARN_ABOUT_RETURN_TYPE = YES_ERROR;
				GCC_WARN_UNDECLARED_SELECTOR = YES;
				GCC_WARN_UNINITIALIZED_AUTOS = YES_AGGRESSIVE;
				GCC_WARN_UNUSED_FUNCTION = YES;
				GCC_WARN_UNUSED_VARIABLE = YES;
				IPHONEOS_DEPLOYMENT_TARGET = 11.0;
				MTL_ENABLE_DEBUG_INFO = YES;
				ONLY_ACTIVE_ARCH = YES;
				SDKROOT = iphoneos;
				SWIFT_ACTIVE_COMPILATION_CONDITIONS = DEBUG;
				SWIFT_OPTIMIZATION_LEVEL = "-Onone";
			};
			name = Debug;
		};
		CEF12E2A1F4F02DA0054B28A /* Release */ = {
			isa = XCBuildConfiguration;
			buildSettings = {
				ALWAYS_SEARCH_USER_PATHS = NO;
				CLANG_ANALYZER_NONNULL = YES;
				CLANG_ANALYZER_NUMBER_OBJECT_CONVERSION = YES_AGGRESSIVE;
				CLANG_CXX_LANGUAGE_STANDARD = "gnu++14";
				CLANG_CXX_LIBRARY = "libc++";
				CLANG_ENABLE_MODULES = YES;
				CLANG_ENABLE_OBJC_ARC = YES;
				CLANG_WARN_BLOCK_CAPTURE_AUTORELEASING = YES;
				CLANG_WARN_BOOL_CONVERSION = YES;
				CLANG_WARN_COMMA = YES;
				CLANG_WARN_CONSTANT_CONVERSION = YES;
				CLANG_WARN_DIRECT_OBJC_ISA_USAGE = YES_ERROR;
				CLANG_WARN_DOCUMENTATION_COMMENTS = YES;
				CLANG_WARN_EMPTY_BODY = YES;
				CLANG_WARN_ENUM_CONVERSION = YES;
				CLANG_WARN_INFINITE_RECURSION = YES;
				CLANG_WARN_INT_CONVERSION = YES;
				CLANG_WARN_NON_LITERAL_NULL_CONVERSION = YES;
				CLANG_WARN_OBJC_LITERAL_CONVERSION = YES;
				CLANG_WARN_OBJC_ROOT_CLASS = YES_ERROR;
				CLANG_WARN_RANGE_LOOP_ANALYSIS = YES;
				CLANG_WARN_STRICT_PROTOTYPES = YES;
				CLANG_WARN_SUSPICIOUS_MOVE = YES;
				CLANG_WARN_UNGUARDED_AVAILABILITY = YES_AGGRESSIVE;
				CLANG_WARN_UNREACHABLE_CODE = YES;
				CLANG_WARN__DUPLICATE_METHOD_MATCH = YES;
				CODE_SIGN_IDENTITY = "iPhone Developer";
				COPY_PHASE_STRIP = NO;
				DEBUG_INFORMATION_FORMAT = "dwarf-with-dsym";
				ENABLE_NS_ASSERTIONS = NO;
				ENABLE_STRICT_OBJC_MSGSEND = YES;
				GCC_C_LANGUAGE_STANDARD = gnu11;
				GCC_NO_COMMON_BLOCKS = YES;
				GCC_WARN_64_TO_32_BIT_CONVERSION = YES;
				GCC_WARN_ABOUT_RETURN_TYPE = YES_ERROR;
				GCC_WARN_UNDECLARED_SELECTOR = YES;
				GCC_WARN_UNINITIALIZED_AUTOS = YES_AGGRESSIVE;
				GCC_WARN_UNUSED_FUNCTION = YES;
				GCC_WARN_UNUSED_VARIABLE = YES;
				IPHONEOS_DEPLOYMENT_TARGET = 11.0;
				MTL_ENABLE_DEBUG_INFO = NO;
				SDKROOT = iphoneos;
				SWIFT_OPTIMIZATION_LEVEL = "-Owholemodule";
				VALIDATE_PRODUCT = YES;
			};
			name = Release;
		};
		CEF12E2C1F4F02DA0054B28A /* Debug */ = {
			isa = XCBuildConfiguration;
			buildSettings = {
				ASSETCATALOG_COMPILER_APPICON_NAME = AppIcon;
				INFOPLIST_FILE = "I Do/Info.plist";
				LD_RUNPATH_SEARCH_PATHS = "$(inherited) @executable_path/Frameworks";
				PRODUCT_BUNDLE_IDENTIFIER = "com.TIP.I-Do";
				PRODUCT_NAME = "$(TARGET_NAME)";
				SWIFT_VERSION = 4.0;
				TARGETED_DEVICE_FAMILY = "1,2";
			};
			name = Debug;
		};
		CEF12E2D1F4F02DA0054B28A /* Release */ = {
			isa = XCBuildConfiguration;
			buildSettings = {
				ASSETCATALOG_COMPILER_APPICON_NAME = AppIcon;
				INFOPLIST_FILE = "I Do/Info.plist";
				LD_RUNPATH_SEARCH_PATHS = "$(inherited) @executable_path/Frameworks";
				PRODUCT_BUNDLE_IDENTIFIER = "com.TIP.I-Do";
				PRODUCT_NAME = "$(TARGET_NAME)";
				SWIFT_VERSION = 4.0;
				TARGETED_DEVICE_FAMILY = "1,2";
			};
			name = Release;
		};
		CEF12E2F1F4F02DA0054B28A /* Debug */ = {
			isa = XCBuildConfiguration;
			buildSettings = {
				ALWAYS_EMBED_SWIFT_STANDARD_LIBRARIES = YES;
				BUNDLE_LOADER = "$(TEST_HOST)";
				INFOPLIST_FILE = "I DoTests/Info.plist";
				LD_RUNPATH_SEARCH_PATHS = "$(inherited) @executable_path/Frameworks @loader_path/Frameworks";
				PRODUCT_BUNDLE_IDENTIFIER = "com.TIP.I-DoTests";
				PRODUCT_NAME = "$(TARGET_NAME)";
				SWIFT_VERSION = 4.0;
				TARGETED_DEVICE_FAMILY = "1,2";
				TEST_HOST = "$(BUILT_PRODUCTS_DIR)/I Do.app/I Do";
			};
			name = Debug;
		};
		CEF12E301F4F02DA0054B28A /* Release */ = {
			isa = XCBuildConfiguration;
			buildSettings = {
				ALWAYS_EMBED_SWIFT_STANDARD_LIBRARIES = YES;
				BUNDLE_LOADER = "$(TEST_HOST)";
				INFOPLIST_FILE = "I DoTests/Info.plist";
				LD_RUNPATH_SEARCH_PATHS = "$(inherited) @executable_path/Frameworks @loader_path/Frameworks";
				PRODUCT_BUNDLE_IDENTIFIER = "com.TIP.I-DoTests";
				PRODUCT_NAME = "$(TARGET_NAME)";
				SWIFT_VERSION = 4.0;
				TARGETED_DEVICE_FAMILY = "1,2";
				TEST_HOST = "$(BUILT_PRODUCTS_DIR)/I Do.app/I Do";
			};
			name = Release;
		};
/* End XCBuildConfiguration section */

/* Begin XCConfigurationList section */
		CEF12E071F4F02DA0054B28A /* Build configuration list for PBXProject "I Do" */ = {
			isa = XCConfigurationList;
			buildConfigurations = (
				CEF12E291F4F02DA0054B28A /* Debug */,
				CEF12E2A1F4F02DA0054B28A /* Release */,
			);
			defaultConfigurationIsVisible = 0;
			defaultConfigurationName = Release;
		};
		CEF12E2B1F4F02DA0054B28A /* Build configuration list for PBXNativeTarget "I Do" */ = {
			isa = XCConfigurationList;
			buildConfigurations = (
				CEF12E2C1F4F02DA0054B28A /* Debug */,
				CEF12E2D1F4F02DA0054B28A /* Release */,
			);
			defaultConfigurationIsVisible = 0;
		};
		CEF12E2E1F4F02DA0054B28A /* Build configuration list for PBXNativeTarget "I DoTests" */ = {
			isa = XCConfigurationList;
			buildConfigurations = (
				CEF12E2F1F4F02DA0054B28A /* Debug */,
				CEF12E301F4F02DA0054B28A /* Release */,
			);
			defaultConfigurationIsVisible = 0;
		};
/* End XCConfigurationList section */
	};
	rootObject = CEF12E041F4F02DA0054B28A /* Project object */;
}
